
Microsoft Visual Studio Solution File, Format Version 12.00
# Visual Studio Version 16
VisualStudioVersion = 16.0.29403.142
MinimumVisualStudioVersion = 10.0.40219.1
Project("{FAE04EC0-301F-11D3-BF4B-00C04F79EFBC}") = "UserMaintenance", "UserMaintenance\UserMaintenance.csproj", "{76139187-CCAA-4DCC-9F88-B7CC2C12CDAC}"
EndProject
Global
	GlobalSection(SolutionConfigurationPlatforms) = preSolution
		Debug|Any CPU = Debug|Any CPU
		Release|Any CPU = Release|Any CPU
	EndGlobalSection
	GlobalSection(ProjectConfigurationPlatforms) = postSolution
		{76139187-CCAA-4DCC-9F88-B7CC2C12CDAC}.Debug|Any CPU.ActiveCfg = Debug|Any CPU
		{76139187-CCAA-4DCC-9F88-B7CC2C12CDAC}.Debug|Any CPU.Build.0 = Debug|Any CPU
		{76139187-CCAA-4DCC-9F88-B7CC2C12CDAC}.Release|Any CPU.ActiveCfg = Release|Any CPU
		{76139187-CCAA-4DCC-9F88-B7CC2C12CDAC}.Release|Any CPU.Build.0 = Release|Any CPU
	EndGlobalSection
	GlobalSection(SolutionProperties) = preSolution
		HideSolutionNode = FALSE
	EndGlobalSection
	GlobalSection(ExtensibilityGlobals) = postSolution
		SolutionGuid = {AE41376E-44B5-45AD-8EEA-B339DD07A28C}
	EndGlobalSection
EndGlobal
